
Microsoft Visual Studio Solution File, Format Version 12.00
# Visual Studio 15
VisualStudioVersion = 15.0.28010.2019
MinimumVisualStudioVersion = 10.0.40219.1
Project("{FAE04EC0-301F-11D3-BF4B-00C04F79EFBC}") = "OnlineShop", "OnlineShop\OnlineShop.csproj", "{6F1BB9BB-BA22-4374-9D2D-1F7C1DCB66A1}"
EndProject
Project("{FAE04EC0-301F-11D3-BF4B-00C04F79EFBC}") = "OnlineShop.Tests", "OnlineShop.Tests\OnlineShop.Tests.csproj", "{64FE22B3-CB71-466C-92D1-4CC135CACA42}"
EndProject
Project("{FAE04EC0-301F-11D3-BF4B-00C04F79EFBC}") = "Models", "Models\Models.csproj", "{26FC7E0A-C4BC-44BB-BF62-5115B9907081}"
EndProject
Global
	GlobalSection(SolutionConfigurationPlatforms) = preSolution
		Debug|Any CPU = Debug|Any CPU
		Release|Any CPU = Release|Any CPU
	EndGlobalSection
	GlobalSection(ProjectConfigurationPlatforms) = postSolution
		{6F1BB9BB-BA22-4374-9D2D-1F7C1DCB66A1}.Debug|Any CPU.ActiveCfg = Debug|Any CPU
		{6F1BB9BB-BA22-4374-9D2D-1F7C1DCB66A1}.Debug|Any CPU.Build.0 = Debug|Any CPU
		{6F1BB9BB-BA22-4374-9D2D-1F7C1DCB66A1}.Release|Any CPU.ActiveCfg = Release|Any CPU
		{6F1BB9BB-BA22-4374-9D2D-1F7C1DCB66A1}.Release|Any CPU.Build.0 = Release|Any CPU
		{64FE22B3-CB71-466C-92D1-4CC135CACA42}.Debug|Any CPU.ActiveCfg = Debug|Any CPU
		{64FE22B3-CB71-466C-92D1-4CC135CACA42}.Debug|Any CPU.Build.0 = Debug|Any CPU
		{64FE22B3-CB71-466C-92D1-4CC135CACA42}.Release|Any CPU.ActiveCfg = Release|Any CPU
		{64FE22B3-CB71-466C-92D1-4CC135CACA42}.Release|Any CPU.Build.0 = Release|Any CPU
		{26FC7E0A-C4BC-44BB-BF62-5115B9907081}.Debug|Any CPU.ActiveCfg = Debug|Any CPU
		{26FC7E0A-C4BC-44BB-BF62-5115B9907081}.Debug|Any CPU.Build.0 = Debug|Any CPU
		{26FC7E0A-C4BC-44BB-BF62-5115B9907081}.Release|Any CPU.ActiveCfg = Release|Any CPU
		{26FC7E0A-C4BC-44BB-BF62-5115B9907081}.Release|Any CPU.Build.0 = Release|Any CPU
	EndGlobalSection
	GlobalSection(SolutionProperties) = preSolution
		HideSolutionNode = FALSE
	EndGlobalSection
	GlobalSection(ExtensibilityGlobals) = postSolution
		SolutionGuid = {416799F5-44BA-419F-A019-E868264A49D9}
	EndGlobalSection
EndGlobal
